
Microsoft Visual Studio Solution File, Format Version 12.00
# Visual Studio Version 17
VisualStudioVersion = 17.5.002.0
MinimumVisualStudioVersion = 10.0.40219.1
Project("{2150E333-8FDC-42A3-9474-1A3956D46DE8}") = "csharp-prep", "csharp-prep", "{33060E96-9F2C-499B-8491-E96C3EA57DB3}"
EndProject
Project("{9A19103F-16F7-4668-BE54-9A1E7A4F7556}") = "Prep1", "csharp-prep\Prep1\Prep1.csproj", "{A2C9E372-0FA6-4482-88D6-93404491D44C}"
EndProject
Project("{9A19103F-16F7-4668-BE54-9A1E7A4F7556}") = "Prep2", "csharp-prep\Prep2\Prep2.csproj", "{1A705CAD-E664-4B21-A78F-DFF4B3DE59A4}"
EndProject
Project("{9A19103F-16F7-4668-BE54-9A1E7A4F7556}") = "Prep3", "csharp-prep\Prep3\Prep3.csproj", "{8CD16A46-E4E5-4D8E-BBD0-D261FDB756F7}"
EndProject
Project("{9A19103F-16F7-4668-BE54-9A1E7A4F7556}") = "Prep4", "csharp-prep\Prep4\Prep4.csproj", "{13D9E045-0805-4605-A9DD-913A345A3CA9}"
EndProject
Project("{9A19103F-16F7-4668-BE54-9A1E7A4F7556}") = "Prep5", "csharp-prep\Prep5\Prep5.csproj", "{4EBF8042-4CC2-4A51-97A6-66DAAE7688A2}"
EndProject
Project("{2150E333-8FDC-42A3-9474-1A3956D46DE8}") = "final", "final", "{F8FEFCE2-9AFD-4647-A054-6A13BBAA1802}"
EndProject
Project("{9A19103F-16F7-4668-BE54-9A1E7A4F7556}") = "FinalProject", "final\FinalProject\FinalProject.csproj", "{2444FF97-EFD1-4466-8DB4-12798CEB8AFD}"
EndProject
Project("{9A19103F-16F7-4668-BE54-9A1E7A4F7556}") = "Foundation1", "final\Foundation1\Foundation1.csproj", "{320AB8DF-EA84-40F4-A437-55FE7E91C9A2}"
EndProject
Project("{9A19103F-16F7-4668-BE54-9A1E7A4F7556}") = "Foundation2", "final\Foundation2\Foundation2.csproj", "{27E325B6-137A-457F-8125-BC5CB93E1B41}"
EndProject
Project("{9A19103F-16F7-4668-BE54-9A1E7A4F7556}") = "Foundation3", "final\Foundation3\Foundation3.csproj", "{CD8819BF-4712-41CA-ADBF-998C44EDC12B}"
EndProject
Project("{9A19103F-16F7-4668-BE54-9A1E7A4F7556}") = "Foundation4", "final\Foundation4\Foundation4.csproj", "{AB3683DC-74FE-41C4-91FE-A9B262BBF0D0}"
EndProject
Project("{2150E333-8FDC-42A3-9474-1A3956D46DE8}") = "prepare", "prepare", "{238D9840-0EFA-4BFD-AEC4-88452C107D53}"
EndProject
Project("{9A19103F-16F7-4668-BE54-9A1E7A4F7556}") = "Learning02", "prepare\Learning02\Learning02.csproj", "{4104C398-5088-4305-BBC5-5E5E65E58ADF}"
EndProject
Project("{9A19103F-16F7-4668-BE54-9A1E7A4F7556}") = "Learning03", "prepare\Learning03\Learning03.csproj", "{0F0691A3-4876-433C-94DC-709023CBAEEE}"
EndProject
Project("{9A19103F-16F7-4668-BE54-9A1E7A4F7556}") = "Learning04", "prepare\Learning04\Learning04.csproj", "{C48E170D-54E3-4A13-B920-A43BF99AD364}"
EndProject
Project("{9A19103F-16F7-4668-BE54-9A1E7A4F7556}") = "Learning05", "prepare\Learning05\Learning05.csproj", "{F978D0CF-38D1-45BA-BF64-2A89562AB922}"
EndProject
Project("{2150E333-8FDC-42A3-9474-1A3956D46DE8}") = "prove", "prove", "{60EA867A-B732-4047-9D1F-2606B7B602E3}"
EndProject
Project("{9A19103F-16F7-4668-BE54-9A1E7A4F7556}") = "Develop02", "prove\Develop02\Develop02.csproj", "{01984AF3-EDDE-4C9C-858C-CA35601E53FF}"
EndProject
Project("{9A19103F-16F7-4668-BE54-9A1E7A4F7556}") = "Develop03", "prove\Develop03\Develop03.csproj", "{56058523-0A87-4103-9F9E-95F454B0B975}"
EndProject
Project("{9A19103F-16F7-4668-BE54-9A1E7A4F7556}") = "Develop04", "prove\Develop04\Develop04.csproj", "{70DCE5DB-810D-47F0-A36E-324DA105B636}"
EndProject
Project("{9A19103F-16F7-4668-BE54-9A1E7A4F7556}") = "Develop05", "prove\Develop05\Develop05.csproj", "{D71E2804-60B6-4E99-B11A-41D993291B5F}"
EndProject
Project("{2150E333-8FDC-42A3-9474-1A3956D46DE8}") = "sandbox", "sandbox", "{01DA22F1-A0BC-437B-BDF0-7BAC481A5730}"
EndProject
Project("{9A19103F-16F7-4668-BE54-9A1E7A4F7556}") = "Sandbox", "sandbox\Sandbox\Sandbox.csproj", "{A3CDC18E-05ED-43BE-BBC2-862F8A6C620B}"
EndProject
Global
	GlobalSection(SolutionConfigurationPlatforms) = preSolution
		Debug|Any CPU = Debug|Any CPU
		Release|Any CPU = Release|Any CPU
	EndGlobalSection
	GlobalSection(ProjectConfigurationPlatforms) = postSolution
		{A2C9E372-0FA6-4482-88D6-93404491D44C}.Debug|Any CPU.ActiveCfg = Debug|Any CPU
		{A2C9E372-0FA6-4482-88D6-93404491D44C}.Debug|Any CPU.Build.0 = Debug|Any CPU
		{A2C9E372-0FA6-4482-88D6-93404491D44C}.Release|Any CPU.ActiveCfg = Release|Any CPU
		{A2C9E372-0FA6-4482-88D6-93404491D44C}.Release|Any CPU.Build.0 = Release|Any CPU
		{1A705CAD-E664-4B21-A78F-DFF4B3DE59A4}.Debug|Any CPU.ActiveCfg = Debug|Any CPU
		{1A705CAD-E664-4B21-A78F-DFF4B3DE59A4}.Debug|Any CPU.Build.0 = Debug|Any CPU
		{1A705CAD-E664-4B21-A78F-DFF4B3DE59A4}.Release|Any CPU.ActiveCfg = Release|Any CPU
		{1A705CAD-E664-4B21-A78F-DFF4B3DE59A4}.Release|Any CPU.Build.0 = Release|Any CPU
		{8CD16A46-E4E5-4D8E-BBD0-D261FDB756F7}.Debug|Any CPU.ActiveCfg = Debug|Any CPU
		{8CD16A46-E4E5-4D8E-BBD0-D261FDB756F7}.Debug|Any CPU.Build.0 = Debug|Any CPU
		{8CD16A46-E4E5-4D8E-BBD0-D261FDB756F7}.Release|Any CPU.ActiveCfg = Release|Any CPU
		{8CD16A46-E4E5-4D8E-BBD0-D261FDB756F7}.Release|Any CPU.Build.0 = Release|Any CPU
		{13D9E045-0805-4605-A9DD-913A345A3CA9}.Debug|Any CPU.ActiveCfg = Debug|Any CPU
		{13D9E045-0805-4605-A9DD-913A345A3CA9}.Debug|Any CPU.Build.0 = Debug|Any CPU
		{13D9E045-0805-4605-A9DD-913A345A3CA9}.Release|Any CPU.ActiveCfg = Release|Any CPU
		{13D9E045-0805-4605-A9DD-913A345A3CA9}.Release|Any CPU.Build.0 = Release|Any CPU
		{4EBF8042-4CC2-4A51-97A6-66DAAE7688A2}.Debug|Any CPU.ActiveCfg = Debug|Any CPU
		{4EBF8042-4CC2-4A51-97A6-66DAAE7688A2}.Debug|Any CPU.Build.0 = Debug|Any CPU
		{4EBF8042-4CC2-4A51-97A6-66DAAE7688A2}.Release|Any CPU.ActiveCfg = Release|Any CPU
		{4EBF8042-4CC2-4A51-97A6-66DAAE7688A2}.Release|Any CPU.Build.0 = Release|Any CPU
		{2444FF97-EFD1-4466-8DB4-12798CEB8AFD}.Debug|Any CPU.ActiveCfg = Debug|Any CPU
		{2444FF97-EFD1-4466-8DB4-12798CEB8AFD}.Debug|Any CPU.Build.0 = Debug|Any CPU
		{2444FF97-EFD1-4466-8DB4-12798CEB8AFD}.Release|Any CPU.ActiveCfg = Release|Any CPU
		{2444FF97-EFD1-4466-8DB4-12798CEB8AFD}.Release|Any CPU.Build.0 = Release|Any CPU
		{320AB8DF-EA84-40F4-A437-55FE7E91C9A2}.Debug|Any CPU.ActiveCfg = Debug|Any CPU
		{320AB8DF-EA84-40F4-A437-55FE7E91C9A2}.Debug|Any CPU.Build.0 = Debug|Any CPU
		{320AB8DF-EA84-40F4-A437-55FE7E91C9A2}.Release|Any CPU.ActiveCfg = Release|Any CPU
		{320AB8DF-EA84-40F4-A437-55FE7E91C9A2}.Release|Any CPU.Build.0 = Release|Any CPU
		{27E325B6-137A-457F-8125-BC5CB93E1B41}.Debug|Any CPU.ActiveCfg = Debug|Any CPU
		{27E325B6-137A-457F-8125-BC5CB93E1B41}.Debug|Any CPU.Build.0 = Debug|Any CPU
		{27E325B6-137A-457F-8125-BC5CB93E1B41}.Release|Any CPU.ActiveCfg = Release|Any CPU
		{27E325B6-137A-457F-8125-BC5CB93E1B41}.Release|Any CPU.Build.0 = Release|Any CPU
		{CD8819BF-4712-41CA-ADBF-998C44EDC12B}.Debug|Any CPU.ActiveCfg = Debug|Any CPU
		{CD8819BF-4712-41CA-ADBF-998C44EDC12B}.Debug|Any CPU.Build.0 = Debug|Any CPU
		{CD8819BF-4712-41CA-ADBF-998C44EDC12B}.Release|Any CPU.ActiveCfg = Release|Any CPU
		{CD8819BF-4712-41CA-ADBF-998C44EDC12B}.Release|Any CPU.Build.0 = Release|Any CPU
		{AB3683DC-74FE-41C4-91FE-A9B262BBF0D0}.Debug|Any CPU.ActiveCfg = Debug|Any CPU
		{AB3683DC-74FE-41C4-91FE-A9B262BBF0D0}.Debug|Any CPU.Build.0 = Debug|Any CPU
		{AB3683DC-74FE-41C4-91FE-A9B262BBF0D0}.Release|Any CPU.ActiveCfg = Release|Any CPU
		{AB3683DC-74FE-41C4-91FE-A9B262BBF0D0}.Release|Any CPU.Build.0 = Release|Any CPU
		{4104C398-5088-4305-BBC5-5E5E65E58ADF}.Debug|Any CPU.ActiveCfg = Debug|Any CPU
		{4104C398-5088-4305-BBC5-5E5E65E58ADF}.Debug|Any CPU.Build.0 = Debug|Any CPU
		{4104C398-5088-4305-BBC5-5E5E65E58ADF}.Release|Any CPU.ActiveCfg = Release|Any CPU
		{4104C398-5088-4305-BBC5-5E5E65E58ADF}.Release|Any CPU.Build.0 = Release|Any CPU
		{0F0691A3-4876-433C-94DC-709023CBAEEE}.Debug|Any CPU.ActiveCfg = Debug|Any CPU
		{0F0691A3-4876-433C-94DC-709023CBAEEE}.Debug|Any CPU.Build.0 = Debug|Any CPU
		{0F0691A3-4876-433C-94DC-709023CBAEEE}.Release|Any CPU.ActiveCfg = Release|Any CPU
		{0F0691A3-4876-433C-94DC-709023CBAEEE}.Release|Any CPU.Build.0 = Release|Any CPU
		{C48E170D-54E3-4A13-B920-A43BF99AD364}.Debug|Any CPU.ActiveCfg = Debug|Any CPU
		{C48E170D-54E3-4A13-B920-A43BF99AD364}.Debug|Any CPU.Build.0 = Debug|Any CPU
		{C48E170D-54E3-4A13-B920-A43BF99AD364}.Release|Any CPU.ActiveCfg = Release|Any CPU
		{C48E170D-54E3-4A13-B920-A43BF99AD364}.Release|Any CPU.Build.0 = Release|Any CPU
		{F978D0CF-38D1-45BA-BF64-2A89562AB922}.Debug|Any CPU.ActiveCfg = Debug|Any CPU
		{F978D0CF-38D1-45BA-BF64-2A89562AB922}.Debug|Any CPU.Build.0 = Debug|Any CPU
		{F978D0CF-38D1-45BA-BF64-2A89562AB922}.Release|Any CPU.ActiveCfg = Release|Any CPU
		{F978D0CF-38D1-45BA-BF64-2A89562AB922}.Release|Any CPU.Build.0 = Release|Any CPU
		{01984AF3-EDDE-4C9C-858C-CA35601E53FF}.Debug|Any CPU.ActiveCfg = Debug|Any CPU
		{01984AF3-EDDE-4C9C-858C-CA35601E53FF}.Debug|Any CPU.Build.0 = Debug|Any CPU
		{01984AF3-EDDE-4C9C-858C-CA35601E53FF}.Release|Any CPU.ActiveCfg = Release|Any CPU
		{01984AF3-EDDE-4C9C-858C-CA35601E53FF}.Release|Any CPU.Build.0 = Release|Any CPU
		{56058523-0A87-4103-9F9E-95F454B0B975}.Debug|Any CPU.ActiveCfg = Debug|Any CPU
		{56058523-0A87-4103-9F9E-95F454B0B975}.Debug|Any CPU.Build.0 = Debug|Any CPU
		{56058523-0A87-4103-9F9E-95F454B0B975}.Release|Any CPU.ActiveCfg = Release|Any CPU
		{56058523-0A87-4103-9F9E-95F454B0B975}.Release|Any CPU.Build.0 = Release|Any CPU
		{70DCE5DB-810D-47F0-A36E-324DA105B636}.Debug|Any CPU.ActiveCfg = Debug|Any CPU
		{70DCE5DB-810D-47F0-A36E-324DA105B636}.Debug|Any CPU.Build.0 = Debug|Any CPU
		{70DCE5DB-810D-47F0-A36E-324DA105B636}.Release|Any CPU.ActiveCfg = Release|Any CPU
		{70DCE5DB-810D-47F0-A36E-324DA105B636}.Release|Any CPU.Build.0 = Release|Any CPU
		{D71E2804-60B6-4E99-B11A-41D993291B5F}.Debug|Any CPU.ActiveCfg = Debug|Any CPU
		{D71E2804-60B6-4E99-B11A-41D993291B5F}.Debug|Any CPU.Build.0 = Debug|Any CPU
		{D71E2804-60B6-4E99-B11A-41D993291B5F}.Release|Any CPU.ActiveCfg = Release|Any CPU
		{D71E2804-60B6-4E99-B11A-41D993291B5F}.Release|Any CPU.Build.0 = Release|Any CPU
		{A3CDC18E-05ED-43BE-BBC2-862F8A6C620B}.Debug|Any CPU.ActiveCfg = Debug|Any CPU
		{A3CDC18E-05ED-43BE-BBC2-862F8A6C620B}.Debug|Any CPU.Build.0 = Debug|Any CPU
		{A3CDC18E-05ED-43BE-BBC2-862F8A6C620B}.Release|Any CPU.ActiveCfg = Release|Any CPU
		{A3CDC18E-05ED-43BE-BBC2-862F8A6C620B}.Release|Any CPU.Build.0 = Release|Any CPU
	EndGlobalSection
	GlobalSection(SolutionProperties) = preSolution
		HideSolutionNode = FALSE
	EndGlobalSection
	GlobalSection(NestedProjects) = preSolution
		{A2C9E372-0FA6-4482-88D6-93404491D44C} = {33060E96-9F2C-499B-8491-E96C3EA57DB3}
		{1A705CAD-E664-4B21-A78F-DFF4B3DE59A4} = {33060E96-9F2C-499B-8491-E96C3EA57DB3}
		{8CD16A46-E4E5-4D8E-BBD0-D261FDB756F7} = {33060E96-9F2C-499B-8491-E96C3EA57DB3}
		{13D9E045-0805-4605-A9DD-913A345A3CA9} = {33060E96-9F2C-499B-8491-E96C3EA57DB3}
		{4EBF8042-4CC2-4A51-97A6-66DAAE7688A2} = {33060E96-9F2C-499B-8491-E96C3EA57DB3}
		{2444FF97-EFD1-4466-8DB4-12798CEB8AFD} = {F8FEFCE2-9AFD-4647-A054-6A13BBAA1802}
		{320AB8DF-EA84-40F4-A437-55FE7E91C9A2} = {F8FEFCE2-9AFD-4647-A054-6A13BBAA1802}
		{27E325B6-137A-457F-8125-BC5CB93E1B41} = {F8FEFCE2-9AFD-4647-A054-6A13BBAA1802}
		{CD8819BF-4712-41CA-ADBF-998C44EDC12B} = {F8FEFCE2-9AFD-4647-A054-6A13BBAA1802}
		{AB3683DC-74FE-41C4-91FE-A9B262BBF0D0} = {F8FEFCE2-9AFD-4647-A054-6A13BBAA1802}
		{4104C398-5088-4305-BBC5-5E5E65E58ADF} = {238D9840-0EFA-4BFD-AEC4-88452C107D53}
		{0F0691A3-4876-433C-94DC-709023CBAEEE} = {238D9840-0EFA-4BFD-AEC4-88452C107D53}
		{C48E170D-54E3-4A13-B920-A43BF99AD364} = {238D9840-0EFA-4BFD-AEC4-88452C107D53}
		{F978D0CF-38D1-45BA-BF64-2A89562AB922} = {238D9840-0EFA-4BFD-AEC4-88452C107D53}
		{01984AF3-EDDE-4C9C-858C-CA35601E53FF} = {60EA867A-B732-4047-9D1F-2606B7B602E3}
		{56058523-0A87-4103-9F9E-95F454B0B975} = {60EA867A-B732-4047-9D1F-2606B7B602E3}
		{70DCE5DB-810D-47F0-A36E-324DA105B636} = {60EA867A-B732-4047-9D1F-2606B7B602E3}
		{D71E2804-60B6-4E99-B11A-41D993291B5F} = {60EA867A-B732-4047-9D1F-2606B7B602E3}
		{A3CDC18E-05ED-43BE-BBC2-862F8A6C620B} = {01DA22F1-A0BC-437B-BDF0-7BAC481A5730}
	EndGlobalSection
	GlobalSection(ExtensibilityGlobals) = postSolution
		SolutionGuid = {B03F1433-5107-46F0-8F6E-F5C2F330DCD8}
	EndGlobalSection
EndGlobal
